
Microsoft Visual Studio Solution File, Format Version 12.00
# Visual Studio Version 17
VisualStudioVersion = 17.14.36414.22
MinimumVisualStudioVersion = 10.0.40219.1
Project("{FAE04EC0-301F-11D3-BF4B-00C04F79EFBC}") = "Kraig.Roslyn", "Kraig.Roslyn\Kraig.Roslyn.csproj", "{1C8CDB93-78D8-3CA7-0FF2-0EE2CE5C47B4}"
EndProject
Project("{FAE04EC0-301F-11D3-BF4B-00C04F79EFBC}") = "Kraig.Roslyn.Samples", "Kraig.Roslyn.Samples\Kraig.Roslyn.Samples.csproj", "{78A9B473-371D-4ABF-B5C4-4D0273278F97}"
EndProject
Global
	GlobalSection(SolutionConfigurationPlatforms) = preSolution
		Debug|Any CPU = Debug|Any CPU
		Release|Any CPU = Release|Any CPU
	EndGlobalSection
	GlobalSection(ProjectConfigurationPlatforms) = postSolution
		{1C8CDB93-78D8-3CA7-0FF2-0EE2CE5C47B4}.Debug|Any CPU.ActiveCfg = Debug|Any CPU
		{1C8CDB93-78D8-3CA7-0FF2-0EE2CE5C47B4}.Debug|Any CPU.Build.0 = Debug|Any CPU
		{1C8CDB93-78D8-3CA7-0FF2-0EE2CE5C47B4}.Release|Any CPU.ActiveCfg = Release|Any CPU
		{1C8CDB93-78D8-3CA7-0FF2-0EE2CE5C47B4}.Release|Any CPU.Build.0 = Release|Any CPU
		{78A9B473-371D-4ABF-B5C4-4D0273278F97}.Debug|Any CPU.ActiveCfg = Debug|Any CPU
		{78A9B473-371D-4ABF-B5C4-4D0273278F97}.Debug|Any CPU.Build.0 = Debug|Any CPU
		{78A9B473-371D-4ABF-B5C4-4D0273278F97}.Release|Any CPU.ActiveCfg = Release|Any CPU
		{78A9B473-371D-4ABF-B5C4-4D0273278F97}.Release|Any CPU.Build.0 = Release|Any CPU
	EndGlobalSection
	GlobalSection(SolutionProperties) = preSolution
		HideSolutionNode = FALSE
	EndGlobalSection
	GlobalSection(ExtensibilityGlobals) = postSolution
		SolutionGuid = {8346A814-BDB5-48A4-A179-F57FDF90A38C}
	EndGlobalSection
EndGlobal
